{
  "name": "@egjs/ngx-children-differ",
  "version": "0.1.0",
  "lockfileVersion": 1,
  "requires": true,
  "dependencies": {
    "@egjs/children-differ": {
      "version": "0.0.0",
      "resolved": "https://registry.npmjs.org/@egjs/children-differ/-/children-differ-0.0.0.tgz",
      "integrity": "sha512-sme5XzpT9aZ3OUl4ydxP6Wv/tFKDP3w5JAnvIPR3Pgq5ZuvFHkL6m/z03u9Yv+pEBv0PpSpvazZep9+gk+bbyw==",
      "dev": true,
      "requires": {
        "@egjs/list-differ": "^0.0.1"
      }
    },
    "@egjs/list-differ": {
      "version": "0.0.1",
      "resolved": "https://registry.npmjs.org/@egjs/list-differ/-/list-differ-0.0.1.tgz",
      "integrity": "sha512-wSTnvqa15xsmQFVNiU0ipi6V1w6AFiDE5/QOxguk949uO4RiYPxY9QgQP3DWkmHggecp3nnjINElxXP8UM+Wtg==",
      "dev": true
    }
  }
}
